<?xml version="1.0" encoding="utf-8"?>
<Project ToolsVersion="4.0" xmlns="http://schemas.microsoft.com/developer/msbuild/2003">
  <ItemGroup>
    <Filter Include="Заголовочные файлы">
      <UniqueIdentifier>{93995380-89BD-4b04-88EB-625FBE52EBFB}</UniqueIdentifier>
      <Extensions>h;hh;hpp;hxx;hm;inl;inc;xsd</Extensions>
    </Filter>
    <Filter Include="Файлы исходного кода">
      <UniqueIdentifier>{cf6ce6e9-becf-4933-979b-ed65ed78496e}</UniqueIdentifier>
      <Extensions>cpp;c;cc;cxx;def;odl;idl;hpj;bat;asm;asmx</Extensions>
    </Filter>
    <Filter Include="Заголовочные файлы\Entities">
      <UniqueIdentifier>{9bab16c9-3edd-4235-aa7f-8bdbde77ad18}</UniqueIdentifier>
    </Filter>
    <Filter Include="Заголовочные файлы\Hardware">
      <UniqueIdentifier>{3b2c9a6b-cb71-4078-9a5f-0de526e701dc}</UniqueIdentifier>
    </Filter>
    <Filter Include="Файлы исходного кода\Entities">
      <UniqueIdentifier>{c5e5ac9f-f6ad-4d00-8bfd-343a290f5476}</UniqueIdentifier>
    </Filter>
    <Filter Include="Файлы исходного кода\Hardware">
      <UniqueIdentifier>{0a328924-995b-4679-a403-9f2335e75af6}</UniqueIdentifier>
    </Filter>
  </ItemGroup>
  <ItemGroup>
    <ClInclude Include="Configuration.h">
      <Filter>Заголовочные файлы</Filter>
    </ClInclude>
    <ClInclude Include="AccessControl.h">
      <Filter>Заголовочные файлы</Filter>
    </ClInclude>
    <ClInclude Include="Bid.h">
      <Filter>Заголовочные файлы\Entities</Filter>
    </ClInclude>
    <ClInclude Include="Product.h">
      <Filter>Заголовочные файлы\Entities</Filter>
    </ClInclude>
    <ClInclude Include="Api.h">
      <Filter>Заголовочные файлы</Filter>
    </ClInclude>
    <ClInclude Include="AccessRequest.h">
      <Filter>Заголовочные файлы\Entities</Filter>
    </ClInclude>
    <ClInclude Include="TowerWmiInfo.h">
      <Filter>Заголовочные файлы\Hardware</Filter>
    </ClInclude>
    <ClInclude Include="Util.h">
      <Filter>Заголовочные файлы</Filter>
    </ClInclude>
  </ItemGroup>
  <ItemGroup>
    <ClCompile Include="Configuration.cpp">
      <Filter>Файлы исходного кода</Filter>
    </ClCompile>
    <ClCompile Include="Product.cpp">
      <Filter>Файлы исходного кода\Entities</Filter>
    </ClCompile>
    <ClCompile Include="Bid.cpp">
      <Filter>Файлы исходного кода\Entities</Filter>
    </ClCompile>
    <ClCompile Include="AccessControl.cpp">
      <Filter>Файлы исходного кода</Filter>
    </ClCompile>
    <ClCompile Include="Api.cpp">
      <Filter>Файлы исходного кода</Filter>
    </ClCompile>
    <ClCompile Include="AccessRequest.cpp">
      <Filter>Файлы исходного кода\Entities</Filter>
    </ClCompile>
    <ClCompile Include="TowerWmiInfo.cpp">
      <Filter>Файлы исходного кода\Hardware</Filter>
    </ClCompile>
    <ClCompile Include="Util1cpp">
      <Filter>Файлы исходного кода</Filter>
    </ClCompile>
  </ItemGroup>
</Project>